
Microsoft Visual Studio Solution File, Format Version 12.00
# Visual Studio 15
VisualStudioVersion = 15.0.28010.2046
MinimumVisualStudioVersion = 10.0.40219.1
Project("{FAE04EC0-301F-11D3-BF4B-00C04F79EFBC}") = "WeatherApp.core", "WeatherApp.core\WeatherApp.core.csproj", "{0E2DBBF9-30B0-4E9E-AD86-D6ADE4C98D34}"
EndProject
Project("{FAE04EC0-301F-11D3-BF4B-00C04F79EFBC}") = "WeatherApp.droid", "WeatherApp.droid\WeatherApp.droid.csproj", "{AF5B8B3D-EE64-464E-A17B-06A03354D837}"
EndProject
Global
	GlobalSection(SolutionConfigurationPlatforms) = preSolution
		Debug|Any CPU = Debug|Any CPU
		Debug|ARM = Debug|ARM
		Release|Any CPU = Release|Any CPU
		Release|ARM = Release|ARM
	EndGlobalSection
	GlobalSection(ProjectConfigurationPlatforms) = postSolution
		{0E2DBBF9-30B0-4E9E-AD86-D6ADE4C98D34}.Debug|Any CPU.ActiveCfg = Debug|Any CPU
		{0E2DBBF9-30B0-4E9E-AD86-D6ADE4C98D34}.Debug|Any CPU.Build.0 = Debug|Any CPU
		{0E2DBBF9-30B0-4E9E-AD86-D6ADE4C98D34}.Debug|ARM.ActiveCfg = Debug|ARM
		{0E2DBBF9-30B0-4E9E-AD86-D6ADE4C98D34}.Debug|ARM.Build.0 = Debug|ARM
		{0E2DBBF9-30B0-4E9E-AD86-D6ADE4C98D34}.Release|Any CPU.ActiveCfg = Release|Any CPU
		{0E2DBBF9-30B0-4E9E-AD86-D6ADE4C98D34}.Release|Any CPU.Build.0 = Release|Any CPU
		{0E2DBBF9-30B0-4E9E-AD86-D6ADE4C98D34}.Release|ARM.ActiveCfg = Release|ARM
		{0E2DBBF9-30B0-4E9E-AD86-D6ADE4C98D34}.Release|ARM.Build.0 = Release|ARM
		{AF5B8B3D-EE64-464E-A17B-06A03354D837}.Debug|Any CPU.ActiveCfg = Debug|Any CPU
		{AF5B8B3D-EE64-464E-A17B-06A03354D837}.Debug|Any CPU.Build.0 = Debug|Any CPU
		{AF5B8B3D-EE64-464E-A17B-06A03354D837}.Debug|Any CPU.Deploy.0 = Debug|Any CPU
		{AF5B8B3D-EE64-464E-A17B-06A03354D837}.Debug|ARM.ActiveCfg = Debug|Any CPU
		{AF5B8B3D-EE64-464E-A17B-06A03354D837}.Debug|ARM.Build.0 = Debug|Any CPU
		{AF5B8B3D-EE64-464E-A17B-06A03354D837}.Debug|ARM.Deploy.0 = Debug|Any CPU
		{AF5B8B3D-EE64-464E-A17B-06A03354D837}.Release|Any CPU.ActiveCfg = Release|Any CPU
		{AF5B8B3D-EE64-464E-A17B-06A03354D837}.Release|Any CPU.Build.0 = Release|Any CPU
		{AF5B8B3D-EE64-464E-A17B-06A03354D837}.Release|Any CPU.Deploy.0 = Release|Any CPU
		{AF5B8B3D-EE64-464E-A17B-06A03354D837}.Release|ARM.ActiveCfg = Release|Any CPU
		{AF5B8B3D-EE64-464E-A17B-06A03354D837}.Release|ARM.Build.0 = Release|Any CPU
		{AF5B8B3D-EE64-464E-A17B-06A03354D837}.Release|ARM.Deploy.0 = Release|Any CPU
	EndGlobalSection
	GlobalSection(SolutionProperties) = preSolution
		HideSolutionNode = FALSE
	EndGlobalSection
	GlobalSection(ExtensibilityGlobals) = postSolution
		SolutionGuid = {A1DBCD39-49E5-47A9-A313-AA014A0EB114}
	EndGlobalSection
EndGlobal
